Microsoft Visual Studio Solution File, Format Version 12.00
# Visual Studio Version 16
VisualStudioVersion = 16.0.29919.163
MinimumVisualStudioVersion = 10.0.40219.1
Project("{FAE04EC0-301F-11D3-BF4B-00C04F79EFBC}") = "EmbeddedFontsSample.Android", "EmbeddedFontsSample.Android\EmbeddedFontsSample.Android.csproj", "{A3F188FA-D42A-4FF8-B51B-E96DD2B2BE9B}"
EndProject
Project("{FAE04EC0-301F-11D3-BF4B-00C04F79EFBC}") = "EmbeddedFontsSample.iOS", "EmbeddedFontsSample.iOS\EmbeddedFontsSample.iOS.csproj", "{C9FFBED7-1B04-4AD2-9826-4D4072323EB4}"
EndProject
Project("{9A19103F-16F7-4668-BE54-9A1E7A4F7556}") = "EmbeddedFontsSample", "EmbeddedFontsSample\EmbeddedFontsSample.csproj", "{991F0563-D3B6-4022-A047-96FF989E21F0}"
EndProject
Project("{FAE04EC0-301F-11D3-BF4B-00C04F79EFBC}") = "EmbeddedFontsSample.UWP", "EmbeddedFontsSample.UWP\EmbeddedFontsSample.UWP.csproj", "{6BA1C748-8E77-4E5F-B354-BEFFC6D85BBC}"
EndProject
Global
	GlobalSection(SolutionConfigurationPlatforms) = preSolution
		Debug|Any CPU = Debug|Any CPU
		Debug|ARM = Debug|ARM
		Debug|ARM64 = Debug|ARM64
		Debug|iPhone = Debug|iPhone
		Debug|iPhoneSimulator = Debug|iPhoneSimulator
		Debug|x64 = Debug|x64
		Debug|x86 = Debug|x86
		Release|Any CPU = Release|Any CPU
		Release|ARM = Release|ARM
		Release|ARM64 = Release|ARM64
		Release|iPhone = Release|iPhone
		Release|iPhoneSimulator = Release|iPhoneSimulator
		Release|x64 = Release|x64
		Release|x86 = Release|x86
	EndGlobalSection
	GlobalSection(ProjectConfigurationPlatforms) = postSolution
		{A3F188FA-D42A-4FF8-B51B-E96DD2B2BE9B}.Debug|Any CPU.ActiveCfg = Debug|Any CPU
		{A3F188FA-D42A-4FF8-B51B-E96DD2B2BE9B}.Debug|Any CPU.Build.0 = Debug|Any CPU
		{A3F188FA-D42A-4FF8-B51B-E96DD2B2BE9B}.Debug|ARM.ActiveCfg = Debug|Any CPU
		{A3F188FA-D42A-4FF8-B51B-E96DD2B2BE9B}.Debug|ARM.Build.0 = Debug|Any CPU
		{A3F188FA-D42A-4FF8-B51B-E96DD2B2BE9B}.Debug|ARM.Deploy.0 = Debug|Any CPU
		{A3F188FA-D42A-4FF8-B51B-E96DD2B2BE9B}.Debug|ARM64.ActiveCfg = Debug|Any CPU
		{A3F188FA-D42A-4FF8-B51B-E96DD2B2BE9B}.Debug|ARM64.Build.0 = Debug|Any CPU
		{A3F188FA-D42A-4FF8-B51B-E96DD2B2BE9B}.Debug|ARM64.Deploy.0 = Debug|Any CPU
		{A3F188FA-D42A-4FF8-B51B-E96DD2B2BE9B}.Debug|iPhone.ActiveCfg = Debug|Any CPU
		{A3F188FA-D42A-4FF8-B51B-E96DD2B2BE9B}.Debug|iPhone.Build.0 = Debug|Any CPU
		{A3F188FA-D42A-4FF8-B51B-E96DD2B2BE9B}.Debug|iPhoneSimulator.ActiveCfg = Debug|Any CPU
		{A3F188FA-D42A-4FF8-B51B-E96DD2B2BE9B}.Debug|iPhoneSimulator.Build.0 = Debug|Any CPU
		{A3F188FA-D42A-4FF8-B51B-E96DD2B2BE9B}.Debug|x64.ActiveCfg = Debug|Any CPU
		{A3F188FA-D42A-4FF8-B51B-E96DD2B2BE9B}.Debug|x64.Build.0 = Debug|Any CPU
		{A3F188FA-D42A-4FF8-B51B-E96DD2B2BE9B}.Debug|x64.Deploy.0 = Debug|Any CPU
		{A3F188FA-D42A-4FF8-B51B-E96DD2B2BE9B}.Debug|x86.ActiveCfg = Debug|Any CPU
		{A3F188FA-D42A-4FF8-B51B-E96DD2B2BE9B}.Debug|x86.Build.0 = Debug|Any CPU
		{A3F188FA-D42A-4FF8-B51B-E96DD2B2BE9B}.Debug|x86.Deploy.0 = Debug|Any CPU
		{A3F188FA-D42A-4FF8-B51B-E96DD2B2BE9B}.Release|Any CPU.ActiveCfg = Release|Any CPU
		{A3F188FA-D42A-4FF8-B51B-E96DD2B2BE9B}.Release|Any CPU.Build.0 = Release|Any CPU
		{A3F188FA-D42A-4FF8-B51B-E96DD2B2BE9B}.Release|ARM.ActiveCfg = Release|Any CPU
		{A3F188FA-D42A-4FF8-B51B-E96DD2B2BE9B}.Release|ARM.Build.0 = Release|Any CPU
		{A3F188FA-D42A-4FF8-B51B-E96DD2B2BE9B}.Release|ARM.Deploy.0 = Release|Any CPU
		{A3F188FA-D42A-4FF8-B51B-E96DD2B2BE9B}.Release|ARM64.ActiveCfg = Release|Any CPU
		{A3F188FA-D42A-4FF8-B51B-E96DD2B2BE9B}.Release|ARM64.Build.0 = Release|Any CPU
		{A3F188FA-D42A-4FF8-B51B-E96DD2B2BE9B}.Release|ARM64.Deploy.0 = Release|Any CPU
		{A3F188FA-D42A-4FF8-B51B-E96DD2B2BE9B}.Release|iPhone.ActiveCfg = Release|Any CPU
		{A3F188FA-D42A-4FF8-B51B-E96DD2B2BE9B}.Release|iPhone.Build.0 = Release|Any CPU
		{A3F188FA-D42A-4FF8-B51B-E96DD2B2BE9B}.Release|iPhoneSimulator.ActiveCfg = Release|Any CPU
		{A3F188FA-D42A-4FF8-B51B-E96DD2B2BE9B}.Release|iPhoneSimulator.Build.0 = Release|Any CPU
		{A3F188FA-D42A-4FF8-B51B-E96DD2B2BE9B}.Release|x64.ActiveCfg = Release|Any CPU
		{A3F188FA-D42A-4FF8-B51B-E96DD2B2BE9B}.Release|x64.Build.0 = Release|Any CPU
		{A3F188FA-D42A-4FF8-B51B-E96DD2B2BE9B}.Release|x64.Deploy.0 = Release|Any CPU
		{A3F188FA-D42A-4FF8-B51B-E96DD2B2BE9B}.Release|x86.ActiveCfg = Release|Any CPU
		{A3F188FA-D42A-4FF8-B51B-E96DD2B2BE9B}.Release|x86.Build.0 = Release|Any CPU
		{A3F188FA-D42A-4FF8-B51B-E96DD2B2BE9B}.Release|x86.Deploy.0 = Release|Any CPU
		{C9FFBED7-1B04-4AD2-9826-4D4072323EB4}.Debug|Any CPU.ActiveCfg = Debug|iPhoneSimulator
		{C9FFBED7-1B04-4AD2-9826-4D4072323EB4}.Debug|Any CPU.Build.0 = Debug|iPhoneSimulator
		{C9FFBED7-1B04-4AD2-9826-4D4072323EB4}.Debug|ARM.ActiveCfg = Debug|iPhone
		{C9FFBED7-1B04-4AD2-9826-4D4072323EB4}.Debug|ARM64.ActiveCfg = Debug|iPhone
		{C9FFBED7-1B04-4AD2-9826-4D4072323EB4}.Debug|iPhone.ActiveCfg = Debug|iPhone
		{C9FFBED7-1B04-4AD2-9826-4D4072323EB4}.Debug|iPhone.Build.0 = Debug|iPhone
		{C9FFBED7-1B04-4AD2-9826-4D4072323EB4}.Debug|iPhoneSimulator.ActiveCfg = Debug|iPhoneSimulator
		{C9FFBED7-1B04-4AD2-9826-4D4072323EB4}.Debug|iPhoneSimulator.Build.0 = Debug|iPhoneSimulator
		{C9FFBED7-1B04-4AD2-9826-4D4072323EB4}.Debug|x64.ActiveCfg = Debug|iPhone
		{C9FFBED7-1B04-4AD2-9826-4D4072323EB4}.Debug|x86.ActiveCfg = Debug|iPhone
		{C9FFBED7-1B04-4AD2-9826-4D4072323EB4}.Release|Any CPU.ActiveCfg = Release|iPhoneSimulator
		{C9FFBED7-1B04-4AD2-9826-4D4072323EB4}.Release|Any CPU.Build.0 = Release|iPhoneSimulator
		{C9FFBED7-1B04-4AD2-9826-4D4072323EB4}.Release|ARM.ActiveCfg = Release|iPhone
		{C9FFBED7-1B04-4AD2-9826-4D4072323EB4}.Release|ARM64.ActiveCfg = Release|iPhone
		{C9FFBED7-1B04-4AD2-9826-4D4072323EB4}.Release|iPhone.ActiveCfg = Release|iPhone
		{C9FFBED7-1B04-4AD2-9826-4D4072323EB4}.Release|iPhone.Build.0 = Release|iPhone
		{C9FFBED7-1B04-4AD2-9826-4D4072323EB4}.Release|iPhoneSimulator.ActiveCfg = Release|iPhoneSimulator
		{C9FFBED7-1B04-4AD2-9826-4D4072323EB4}.Release|iPhoneSimulator.Build.0 = Release|iPhoneSimulator
		{C9FFBED7-1B04-4AD2-9826-4D4072323EB4}.Release|x64.ActiveCfg = Release|iPhone
		{C9FFBED7-1B04-4AD2-9826-4D4072323EB4}.Release|x86.ActiveCfg = Release|iPhone
		{991F0563-D3B6-4022-A047-96FF989E21F0}.Debug|Any CPU.ActiveCfg = Debug|Any CPU
		{991F0563-D3B6-4022-A047-96FF989E21F0}.Debug|Any CPU.Build.0 = Debug|Any CPU
		{991F0563-D3B6-4022-A047-96FF989E21F0}.Debug|ARM.ActiveCfg = Debug|Any CPU
		{991F0563-D3B6-4022-A047-96FF989E21F0}.Debug|ARM.Build.0 = Debug|Any CPU
		{991F0563-D3B6-4022-A047-96FF989E21F0}.Debug|ARM64.ActiveCfg = Debug|Any CPU
		{991F0563-D3B6-4022-A047-96FF989E21F0}.Debug|ARM64.Build.0 = Debug|Any CPU
		{991F0563-D3B6-4022-A047-96FF989E21F0}.Debug|iPhone.ActiveCfg = Debug|Any CPU
		{991F0563-D3B6-4022-A047-96FF989E21F0}.Debug|iPhone.Build.0 = Debug|Any CPU
		{991F0563-D3B6-4022-A047-96FF989E21F0}.Debug|iPhoneSimulator.ActiveCfg = Debug|Any CPU
		{991F0563-D3B6-4022-A047-96FF989E21F0}.Debug|iPhoneSimulator.Build.0 = Debug|Any CPU
		{991F0563-D3B6-4022-A047-96FF989E21F0}.Debug|x64.ActiveCfg = Debug|Any CPU
		{991F0563-D3B6-4022-A047-96FF989E21F0}.Debug|x64.Build.0 = Debug|Any CPU
		{991F0563-D3B6-4022-A047-96FF989E21F0}.Debug|x86.ActiveCfg = Debug|Any CPU
		{991F0563-D3B6-4022-A047-96FF989E21F0}.Debug|x86.Build.0 = Debug|Any CPU
		{991F0563-D3B6-4022-A047-96FF989E21F0}.Release|Any CPU.ActiveCfg = Release|Any CPU
		{991F0563-D3B6-4022-A047-96FF989E21F0}.Release|Any CPU.Build.0 = Release|Any CPU
		{991F0563-D3B6-4022-A047-96FF989E21F0}.Release|ARM.ActiveCfg = Release|Any CPU
		{991F0563-D3B6-4022-A047-96FF989E21F0}.Release|ARM.Build.0 = Release|Any CPU
		{991F0563-D3B6-4022-A047-96FF989E21F0}.Release|ARM64.ActiveCfg = Release|Any CPU
		{991F0563-D3B6-4022-A047-96FF989E21F0}.Release|ARM64.Build.0 = Release|Any CPU
		{991F0563-D3B6-4022-A047-96FF989E21F0}.Release|iPhone.ActiveCfg = Release|Any CPU
		{991F0563-D3B6-4022-A047-96FF989E21F0}.Release|iPhone.Build.0 = Release|Any CPU
		{991F0563-D3B6-4022-A047-96FF989E21F0}.Release|iPhoneSimulator.ActiveCfg = Release|Any CPU
		{991F0563-D3B6-4022-A047-96FF989E21F0}.Release|iPhoneSimulator.Build.0 = Release|Any CPU
		{991F0563-D3B6-4022-A047-96FF989E21F0}.Release|x64.ActiveCfg = Release|Any CPU
		{991F0563-D3B6-4022-A047-96FF989E21F0}.Release|x64.Build.0 = Release|Any CPU
		{991F0563-D3B6-4022-A047-96FF989E21F0}.Release|x86.ActiveCfg = Release|Any CPU
		{991F0563-D3B6-4022-A047-96FF989E21F0}.Release|x86.Build.0 = Release|Any CPU
		{6BA1C748-8E77-4E5F-B354-BEFFC6D85BBC}.Debug|Any CPU.ActiveCfg = Debug|x86
		{6BA1C748-8E77-4E5F-B354-BEFFC6D85BBC}.Debug|Any CPU.Build.0 = Debug|x86
		{6BA1C748-8E77-4E5F-B354-BEFFC6D85BBC}.Debug|Any CPU.Deploy.0 = Debug|x86
		{6BA1C748-8E77-4E5F-B354-BEFFC6D85BBC}.Debug|ARM.ActiveCfg = Debug|ARM
		{6BA1C748-8E77-4E5F-B354-BEFFC6D85BBC}.Debug|ARM.Build.0 = Debug|ARM
		{6BA1C748-8E77-4E5F-B354-BEFFC6D85BBC}.Debug|ARM.Deploy.0 = Debug|ARM
		{6BA1C748-8E77-4E5F-B354-BEFFC6D85BBC}.Debug|ARM64.ActiveCfg = Debug|ARM64
		{6BA1C748-8E77-4E5F-B354-BEFFC6D85BBC}.Debug|ARM64.Build.0 = Debug|ARM64
		{6BA1C748-8E77-4E5F-B354-BEFFC6D85BBC}.Debug|ARM64.Deploy.0 = Debug|ARM64
		{6BA1C748-8E77-4E5F-B354-BEFFC6D85BBC}.Debug|iPhone.ActiveCfg = Debug|x86
		{6BA1C748-8E77-4E5F-B354-BEFFC6D85BBC}.Debug|iPhoneSimulator.ActiveCfg = Debug|x86
		{6BA1C748-8E77-4E5F-B354-BEFFC6D85BBC}.Debug|x64.ActiveCfg = Debug|x64
		{6BA1C748-8E77-4E5F-B354-BEFFC6D85BBC}.Debug|x64.Build.0 = Debug|x64
		{6BA1C748-8E77-4E5F-B354-BEFFC6D85BBC}.Debug|x64.Deploy.0 = Debug|x64
		{6BA1C748-8E77-4E5F-B354-BEFFC6D85BBC}.Debug|x86.ActiveCfg = Debug|x86
		{6BA1C748-8E77-4E5F-B354-BEFFC6D85BBC}.Debug|x86.Build.0 = Debug|x86
		{6BA1C748-8E77-4E5F-B354-BEFFC6D85BBC}.Debug|x86.Deploy.0 = Debug|x86
		{6BA1C748-8E77-4E5F-B354-BEFFC6D85BBC}.Release|Any CPU.ActiveCfg = Release|x86
		{6BA1C748-8E77-4E5F-B354-BEFFC6D85BBC}.Release|ARM.ActiveCfg = Release|ARM
		{6BA1C748-8E77-4E5F-B354-BEFFC6D85BBC}.Release|ARM.Build.0 = Release|ARM
		{6BA1C748-8E77-4E5F-B354-BEFFC6D85BBC}.Release|ARM.Deploy.0 = Release|ARM
		{6BA1C748-8E77-4E5F-B354-BEFFC6D85BBC}.Release|ARM64.ActiveCfg = Release|ARM64
		{6BA1C748-8E77-4E5F-B354-BEFFC6D85BBC}.Release|ARM64.Build.0 = Release|ARM64
		{6BA1C748-8E77-4E5F-B354-BEFFC6D85BBC}.Release|ARM64.Deploy.0 = Release|ARM64
		{6BA1C748-8E77-4E5F-B354-BEFFC6D85BBC}.Release|iPhone.ActiveCfg = Release|x86
		{6BA1C748-8E77-4E5F-B354-BEFFC6D85BBC}.Release|iPhoneSimulator.ActiveCfg = Release|x86
		{6BA1C748-8E77-4E5F-B354-BEFFC6D85BBC}.Release|x64.ActiveCfg = Release|x64
		{6BA1C748-8E77-4E5F-B354-BEFFC6D85BBC}.Release|x64.Build.0 = Release|x64
		{6BA1C748-8E77-4E5F-B354-BEFFC6D85BBC}.Release|x64.Deploy.0 = Release|x64
		{6BA1C748-8E77-4E5F-B354-BEFFC6D85BBC}.Release|x86.ActiveCfg = Release|x86
		{6BA1C748-8E77-4E5F-B354-BEFFC6D85BBC}.Release|x86.Build.0 = Release|x86
		{6BA1C748-8E77-4E5F-B354-BEFFC6D85BBC}.Release|x86.Deploy.0 = Release|x86
	EndGlobalSection
	GlobalSection(SolutionProperties) = preSolution
		HideSolutionNode = FALSE
	EndGlobalSection
	GlobalSection(ExtensibilityGlobals) = postSolution
		SolutionGuid = {A181D804-8AC2-4F92-AA50-E556A04163F8}
	EndGlobalSection
EndGlobal
